
Microsoft Visual Studio Solution File, Format Version 12.00
# Visual Studio Version 17
VisualStudioVersion = 17.8.34525.116
MinimumVisualStudioVersion = 10.0.40219.1
Project("{FAE04EC0-301F-11D3-BF4B-00C04F79EFBC}") = "PersonalRegisterLexicon2024", "PersonalRegisterLexicon2024.csproj", "{CCB87D83-9D13-488A-9339-E3A01D03A227}"
EndProject
Global
	GlobalSection(SolutionConfigurationPlatforms) = preSolution
		Debug|Any CPU = Debug|Any CPU
		Release|Any CPU = Release|Any CPU
	EndGlobalSection
	GlobalSection(ProjectConfigurationPlatforms) = postSolution
		{CCB87D83-9D13-488A-9339-E3A01D03A227}.Debug|Any CPU.ActiveCfg = Debug|Any CPU
		{CCB87D83-9D13-488A-9339-E3A01D03A227}.Debug|Any CPU.Build.0 = Debug|Any CPU
		{CCB87D83-9D13-488A-9339-E3A01D03A227}.Release|Any CPU.ActiveCfg = Release|Any CPU
		{CCB87D83-9D13-488A-9339-E3A01D03A227}.Release|Any CPU.Build.0 = Release|Any CPU
	EndGlobalSection
	GlobalSection(SolutionProperties) = preSolution
		HideSolutionNode = FALSE
	EndGlobalSection
	GlobalSection(ExtensibilityGlobals) = postSolution
		SolutionGuid = {6FE108C1-21CE-40DF-9647-B67F8A52E4B0}
	EndGlobalSection
EndGlobal
